
Microsoft Visual Studio Solution File, Format Version 12.00
# Visual Studio Version 17
VisualStudioVersion = 17.3.32901.215
MinimumVisualStudioVersion = 10.0.40219.1
Project("{FAE04EC0-301F-11D3-BF4B-00C04F79EFBC}") = "SCTUpdater", "SCTUpdater\SCTUpdater.csproj", "{FFD42446-2432-4A6E-83DD-65B65BE6A37F}"
EndProject
Global
	GlobalSection(SolutionConfigurationPlatforms) = preSolution
		Debug|Any CPU = Debug|Any CPU
		Release|Any CPU = Release|Any CPU
	EndGlobalSection
	GlobalSection(ProjectConfigurationPlatforms) = postSolution
		{FFD42446-2432-4A6E-83DD-65B65BE6A37F}.Debug|Any CPU.ActiveCfg = Debug|Any CPU
		{FFD42446-2432-4A6E-83DD-65B65BE6A37F}.Debug|Any CPU.Build.0 = Debug|Any CPU
		{FFD42446-2432-4A6E-83DD-65B65BE6A37F}.Release|Any CPU.ActiveCfg = Release|Any CPU
		{FFD42446-2432-4A6E-83DD-65B65BE6A37F}.Release|Any CPU.Build.0 = Release|Any CPU
	EndGlobalSection
	GlobalSection(SolutionProperties) = preSolution
		HideSolutionNode = FALSE
	EndGlobalSection
	GlobalSection(ExtensibilityGlobals) = postSolution
		SolutionGuid = {209A44E7-3B14-4013-8874-70A41CC9971C}
	EndGlobalSection
EndGlobal
