
Microsoft Visual Studio Solution File, Format Version 12.00
# Visual Studio Version 17
VisualStudioVersion = 17.3.32901.215
MinimumVisualStudioVersion = 10.0.40219.1
Project("{9A19103F-16F7-4668-BE54-9A1E7A4F7556}") = "SCTUpdater", "SCTUpdater\SCTUpdater.csproj", "{A5E6CC71-1E2C-43D7-B2F1-A74ECB18F58F}"
EndProject
Global
	GlobalSection(SolutionConfigurationPlatforms) = preSolution
		Debug|Any CPU = Debug|Any CPU
		Debug|x64 = Debug|x64
		Release|Any CPU = Release|Any CPU
		Release|x64 = Release|x64
	EndGlobalSection
	GlobalSection(ProjectConfigurationPlatforms) = postSolution
		{A5E6CC71-1E2C-43D7-B2F1-A74ECB18F58F}.Debug|Any CPU.ActiveCfg = Debug|Any CPU
		{A5E6CC71-1E2C-43D7-B2F1-A74ECB18F58F}.Debug|Any CPU.Build.0 = Debug|Any CPU
		{A5E6CC71-1E2C-43D7-B2F1-A74ECB18F58F}.Debug|x64.ActiveCfg = Release|x64
		{A5E6CC71-1E2C-43D7-B2F1-A74ECB18F58F}.Debug|x64.Build.0 = Release|x64
		{A5E6CC71-1E2C-43D7-B2F1-A74ECB18F58F}.Release|Any CPU.ActiveCfg = Debug|Any CPU
		{A5E6CC71-1E2C-43D7-B2F1-A74ECB18F58F}.Release|Any CPU.Build.0 = Debug|Any CPU
		{A5E6CC71-1E2C-43D7-B2F1-A74ECB18F58F}.Release|x64.ActiveCfg = Release|x64
		{A5E6CC71-1E2C-43D7-B2F1-A74ECB18F58F}.Release|x64.Build.0 = Release|x64
	EndGlobalSection
	GlobalSection(SolutionProperties) = preSolution
		HideSolutionNode = FALSE
	EndGlobalSection
	GlobalSection(ExtensibilityGlobals) = postSolution
		SolutionGuid = {718EEF57-750C-4310-99F1-A430B11735B5}
	EndGlobalSection
EndGlobal
